
Microsoft Visual Studio Solution File, Format Version 12.00
# Visual Studio 15
VisualStudioVersion = 15.0.28307.136
MinimumVisualStudioVersion = 10.0.40219.1
Project("{FAE04EC0-301F-11D3-BF4B-00C04F79EFBC}") = "AFclasses", "AFclasses\AFclasses.csproj", "{10CB36F0-0E80-46F9-A797-DC3943514B78}"
EndProject
Project("{FAE04EC0-301F-11D3-BF4B-00C04F79EFBC}") = "AFacces", "AFacces\AFacces.csproj", "{3BA4ABA4-5648-498D-AE0A-578B37B8477A}"
EndProject
Project("{FAE04EC0-301F-11D3-BF4B-00C04F79EFBC}") = "AFgestion", "AFgestion\AFgestion.csproj", "{82753241-F733-4081-8C22-5124529399F1}"
EndProject
Global
	GlobalSection(SolutionConfigurationPlatforms) = preSolution
		Debug|Any CPU = Debug|Any CPU
		Release|Any CPU = Release|Any CPU
	EndGlobalSection
	GlobalSection(ProjectConfigurationPlatforms) = postSolution
		{10CB36F0-0E80-46F9-A797-DC3943514B78}.Debug|Any CPU.ActiveCfg = Debug|Any CPU
		{10CB36F0-0E80-46F9-A797-DC3943514B78}.Debug|Any CPU.Build.0 = Debug|Any CPU
		{10CB36F0-0E80-46F9-A797-DC3943514B78}.Release|Any CPU.ActiveCfg = Release|Any CPU
		{10CB36F0-0E80-46F9-A797-DC3943514B78}.Release|Any CPU.Build.0 = Release|Any CPU
		{3BA4ABA4-5648-498D-AE0A-578B37B8477A}.Debug|Any CPU.ActiveCfg = Debug|Any CPU
		{3BA4ABA4-5648-498D-AE0A-578B37B8477A}.Debug|Any CPU.Build.0 = Debug|Any CPU
		{3BA4ABA4-5648-498D-AE0A-578B37B8477A}.Release|Any CPU.ActiveCfg = Release|Any CPU
		{3BA4ABA4-5648-498D-AE0A-578B37B8477A}.Release|Any CPU.Build.0 = Release|Any CPU
		{82753241-F733-4081-8C22-5124529399F1}.Debug|Any CPU.ActiveCfg = Debug|Any CPU
		{82753241-F733-4081-8C22-5124529399F1}.Debug|Any CPU.Build.0 = Debug|Any CPU
		{82753241-F733-4081-8C22-5124529399F1}.Release|Any CPU.ActiveCfg = Release|Any CPU
		{82753241-F733-4081-8C22-5124529399F1}.Release|Any CPU.Build.0 = Release|Any CPU
	EndGlobalSection
	GlobalSection(SolutionProperties) = preSolution
		HideSolutionNode = FALSE
	EndGlobalSection
	GlobalSection(ExtensibilityGlobals) = postSolution
		SolutionGuid = {18CEC6C6-2016-47E5-A3B2-05532A556967}
	EndGlobalSection
EndGlobal
